
Microsoft Visual Studio Solution File, Format Version 12.00
# Visual Studio Version 17
VisualStudioVersion = 17.4.33122.133
MinimumVisualStudioVersion = 10.0.40219.1
Project("{FAE04EC0-301F-11D3-BF4B-00C04F79EFBC}") = "ATM", "ATM\ATM.csproj", "{A6F942CD-74AC-4369-B466-7C401F38D9CC}"
EndProject
Global
	GlobalSection(SolutionConfigurationPlatforms) = preSolution
		Debug|Any CPU = Debug|Any CPU
		Release|Any CPU = Release|Any CPU
	EndGlobalSection
	GlobalSection(ProjectConfigurationPlatforms) = postSolution
		{A6F942CD-74AC-4369-B466-7C401F38D9CC}.Debug|Any CPU.ActiveCfg = Debug|Any CPU
		{A6F942CD-74AC-4369-B466-7C401F38D9CC}.Debug|Any CPU.Build.0 = Debug|Any CPU
		{A6F942CD-74AC-4369-B466-7C401F38D9CC}.Release|Any CPU.ActiveCfg = Release|Any CPU
		{A6F942CD-74AC-4369-B466-7C401F38D9CC}.Release|Any CPU.Build.0 = Release|Any CPU
	EndGlobalSection
	GlobalSection(SolutionProperties) = preSolution
		HideSolutionNode = FALSE
	EndGlobalSection
	GlobalSection(ExtensibilityGlobals) = postSolution
		SolutionGuid = {7F78EAEA-1D7A-4420-BC91-2671DB1DC584}
	EndGlobalSection
EndGlobal
